{
  "version": 4,
  "terraform_version": "1.13.0",
  "serial": 82,
  "lineage": "fdcf2194-56d8-3ad8-bde5-5839eb5530fb",
  "outputs": {},
  "resources": [
    {
      "mode": "data",
      "type": "aws_ami",
      "name": "ubuntu",
      "provider": "provider[\"registry.terraform.io/hashicorp/aws\"]",
      "instances": [
        {
          "schema_version": 0,
          "attributes": {
            "architecture": "x86_64",
            "arn": "arn:aws:ec2:eu-north-1::image/ami-0a716d3f3b16d290c",
            "block_device_mappings": [
              {
                "device_name": "/dev/sda1",
                "ebs": {
                  "delete_on_termination": "true",
                  "encrypted": "false",
                  "iops": "0",
                  "snapshot_id": "snap-0e745493090050ca2",
                  "throughput": "0",
                  "volume_size": "8",
                  "volume_type": "gp3"
                },
                "no_device": "",
                "virtual_name": ""
              },
              {
                "device_name": "/dev/sdb",
                "ebs": {},
                "no_device": "",
                "virtual_name": "ephemeral0"
              },
              {
                "device_name": "/dev/sdc",
                "ebs": {},
                "no_device": "",
                "virtual_name": "ephemeral1"
              }
            ],
            "boot_mode": "uefi-preferred",
            "creation_date": "2025-08-21T11:32:28.000Z",
            "deprecation_time": "2027-08-21T11:32:28.000Z",
            "description": "Canonical, Ubuntu, 24.04, amd64 noble image",
            "ena_support": true,
            "executable_users": null,
            "filter": [
              {
                "name": "name",
                "values": [
                  "ubuntu/images/hvm-ssd-gp3/ubuntu-noble-24.04-amd64-server-*"
                ]
              }
            ],
            "hypervisor": "xen",
            "id": "ami-0a716d3f3b16d290c",
            "image_id": "ami-0a716d3f3b16d290c",
            "image_location": "amazon/ubuntu/images/hvm-ssd-gp3/ubuntu-noble-24.04-amd64-server-20250821",
            "image_owner_alias": "amazon",
            "image_type": "machine",
            "imds_support": "v2.0",
            "include_deprecated": false,
            "kernel_id": "",
            "most_recent": true,
            "name": "ubuntu/images/hvm-ssd-gp3/ubuntu-noble-24.04-amd64-server-20250821",
            "name_regex": null,
            "owner_id": "099720109477",
            "owners": [
              "099720109477"
            ],
            "platform": "",
            "platform_details": "Linux/UNIX",
            "product_codes": [],
            "public": true,
            "ramdisk_id": "",
            "root_device_name": "/dev/sda1",
            "root_device_type": "ebs",
            "root_snapshot_id": "snap-0e745493090050ca2",
            "sriov_net_support": "simple",
            "state": "available",
            "state_reason": {
              "code": "UNSET",
              "message": "UNSET"
            },
            "tags": {},
            "timeouts": null,
            "tpm_support": "",
            "usage_operation": "RunInstances",
            "virtualization_type": "hvm"
          },
          "sensitive_attributes": [],
          "identity_schema_version": 0
        }
      ]
    },
    {
      "mode": "managed",
      "type": "aws_instance",
      "name": "ec2",
      "provider": "provider[\"registry.terraform.io/hashicorp/aws\"]",
      "instances": [
        {
          "index_key": "backend",
          "schema_version": 1,
          "attributes": {
            "ami": "ami-0a716d3f3b16d290c",
            "arn": "arn:aws:ec2:eu-north-1:363174885355:instance/i-09c8c2a5fe8487143",
            "associate_public_ip_address": true,
            "availability_zone": "eu-north-1a",
            "capacity_reservation_specification": [
              {
                "capacity_reservation_preference": "open",
                "capacity_reservation_target": []
              }
            ],
            "cpu_core_count": 1,
            "cpu_options": [
              {
                "amd_sev_snp": "",
                "core_count": 1,
                "threads_per_core": 2
              }
            ],
            "cpu_threads_per_core": 2,
            "credit_specification": [
              {
                "cpu_credits": "unlimited"
              }
            ],
            "disable_api_stop": false,
            "disable_api_termination": false,
            "ebs_block_device": [],
            "ebs_optimized": false,
            "enclave_options": [
              {
                "enabled": false
              }
            ],
            "ephemeral_block_device": [],
            "get_password_data": false,
            "hibernation": false,
            "host_id": "",
            "host_resource_group_arn": null,
            "iam_instance_profile": "",
            "id": "i-09c8c2a5fe8487143",
            "instance_initiated_shutdown_behavior": "stop",
            "instance_lifecycle": "",
            "instance_market_options": [],
            "instance_state": "running",
            "instance_type": "t3.micro",
            "ipv6_address_count": 0,
            "ipv6_addresses": [],
            "key_name": "kon_terraform_key",
            "launch_template": [],
            "maintenance_options": [
              {
                "auto_recovery": "default"
              }
            ],
            "metadata_options": [
              {
                "http_endpoint": "enabled",
                "http_protocol_ipv6": "disabled",
                "http_put_response_hop_limit": 2,
                "http_tokens": "required",
                "instance_metadata_tags": "disabled"
              }
            ],
            "monitoring": false,
            "network_interface": [],
            "outpost_arn": "",
            "password_data": "",
            "placement_group": "",
            "placement_partition_number": 0,
            "primary_network_interface_id": "eni-06ebf4f0fc1926c7e",
            "private_dns": "ip-172-31-18-134.eu-north-1.compute.internal",
            "private_dns_name_options": [
              {
                "enable_resource_name_dns_a_record": false,
                "enable_resource_name_dns_aaaa_record": false,
                "hostname_type": "ip-name"
              }
            ],
            "private_ip": "172.31.18.134",
            "public_dns": "ec2-16-171-115-154.eu-north-1.compute.amazonaws.com",
            "public_ip": "16.171.115.154",
            "root_block_device": [
              {
                "delete_on_termination": true,
                "device_name": "/dev/sda1",
                "encrypted": false,
                "iops": 3000,
                "kms_key_id": "",
                "tags": {},
                "tags_all": {
                  "Owner": "Konstantin Busalov"
                },
                "throughput": 125,
                "volume_id": "vol-055b1c55e69a33427",
                "volume_size": 8,
                "volume_type": "gp3"
              }
            ],
            "secondary_private_ips": [],
            "security_groups": [
              "trainee-project-dev-sg"
            ],
            "source_dest_check": true,
            "spot_instance_request_id": "",
            "subnet_id": "subnet-0c8d6b3d0270cd6e7",
            "tags": {
              "Name": "trainee-project-dev-backend-ec2"
            },
            "tags_all": {
              "Name": "trainee-project-dev-backend-ec2",
              "Owner": "Konstantin Busalov"
            },
            "tenancy": "default",
            "timeouts": null,
            "user_data": "09eb84886d29093adcaca9dd9599eb4493a0652c",
            "user_data_base64": null,
            "user_data_replace_on_change": false,
            "volume_tags": null,
            "vpc_security_group_ids": [
              "sg-0f2d30b56d87fda28"
            ]
          },
          "sensitive_attributes": [],
          "identity_schema_version": 0,
          "private": "eyJlMmJmYjczMC1lY2FhLTExZTYtOGY4OC0zNDM2M2JjN2M0YzAiOnsiY3JlYXRlIjo2MDAwMDAwMDAwMDAsImRlbGV0ZSI6MTIwMDAwMDAwMDAwMCwicmVhZCI6OTAwMDAwMDAwMDAwLCJ1cGRhdGUiOjYwMDAwMDAwMDAwMH0sInNjaGVtYV92ZXJzaW9uIjoiMSJ9",
          "dependencies": [
            "aws_security_group.sg",
            "data.aws_ami.ubuntu"
          ]
        },
        {
          "index_key": "frontend",
          "schema_version": 1,
          "attributes": {
            "ami": "ami-0a716d3f3b16d290c",
            "arn": "arn:aws:ec2:eu-north-1:363174885355:instance/i-008af462536189287",
            "associate_public_ip_address": true,
            "availability_zone": "eu-north-1a",
            "capacity_reservation_specification": [
              {
                "capacity_reservation_preference": "open",
                "capacity_reservation_target": []
              }
            ],
            "cpu_core_count": 1,
            "cpu_options": [
              {
                "amd_sev_snp": "",
                "core_count": 1,
                "threads_per_core": 2
              }
            ],
            "cpu_threads_per_core": 2,
            "credit_specification": [
              {
                "cpu_credits": "unlimited"
              }
            ],
            "disable_api_stop": false,
            "disable_api_termination": false,
            "ebs_block_device": [],
            "ebs_optimized": false,
            "enclave_options": [
              {
                "enabled": false
              }
            ],
            "ephemeral_block_device": [],
            "get_password_data": false,
            "hibernation": false,
            "host_id": "",
            "host_resource_group_arn": null,
            "iam_instance_profile": "",
            "id": "i-008af462536189287",
            "instance_initiated_shutdown_behavior": "stop",
            "instance_lifecycle": "",
            "instance_market_options": [],
            "instance_state": "running",
            "instance_type": "t3.nano",
            "ipv6_address_count": 0,
            "ipv6_addresses": [],
            "key_name": "kon_terraform_key",
            "launch_template": [],
            "maintenance_options": [
              {
                "auto_recovery": "default"
              }
            ],
            "metadata_options": [
              {
                "http_endpoint": "enabled",
                "http_protocol_ipv6": "disabled",
                "http_put_response_hop_limit": 2,
                "http_tokens": "required",
                "instance_metadata_tags": "disabled"
              }
            ],
            "monitoring": false,
            "network_interface": [],
            "outpost_arn": "",
            "password_data": "",
            "placement_group": "",
            "placement_partition_number": 0,
            "primary_network_interface_id": "eni-0c1f34cabc0a5d799",
            "private_dns": "ip-172-31-23-77.eu-north-1.compute.internal",
            "private_dns_name_options": [
              {
                "enable_resource_name_dns_a_record": false,
                "enable_resource_name_dns_aaaa_record": false,
                "hostname_type": "ip-name"
              }
            ],
            "private_ip": "172.31.23.77",
            "public_dns": "ec2-51-21-250-131.eu-north-1.compute.amazonaws.com",
            "public_ip": "51.21.250.131",
            "root_block_device": [
              {
                "delete_on_termination": true,
                "device_name": "/dev/sda1",
                "encrypted": false,
                "iops": 3000,
                "kms_key_id": "",
                "tags": {},
                "tags_all": {
                  "Owner": "Konstantin Busalov"
                },
                "throughput": 125,
                "volume_id": "vol-09cb91202ad3e96de",
                "volume_size": 8,
                "volume_type": "gp3"
              }
            ],
            "secondary_private_ips": [],
            "security_groups": [
              "trainee-project-dev-sg"
            ],
            "source_dest_check": true,
            "spot_instance_request_id": "",
            "subnet_id": "subnet-0c8d6b3d0270cd6e7",
            "tags": {
              "Name": "trainee-project-dev-frontend-ec2"
            },
            "tags_all": {
              "Name": "trainee-project-dev-frontend-ec2",
              "Owner": "Konstantin Busalov"
            },
            "tenancy": "default",
            "timeouts": null,
            "user_data": "09eb84886d29093adcaca9dd9599eb4493a0652c",
            "user_data_base64": null,
            "user_data_replace_on_change": false,
            "volume_tags": null,
            "vpc_security_group_ids": [
              "sg-0f2d30b56d87fda28"
            ]
          },
          "sensitive_attributes": [],
          "identity_schema_version": 0,
          "private": "eyJlMmJmYjczMC1lY2FhLTExZTYtOGY4OC0zNDM2M2JjN2M0YzAiOnsiY3JlYXRlIjo2MDAwMDAwMDAwMDAsImRlbGV0ZSI6MTIwMDAwMDAwMDAwMCwicmVhZCI6OTAwMDAwMDAwMDAwLCJ1cGRhdGUiOjYwMDAwMDAwMDAwMH0sInNjaGVtYV92ZXJzaW9uIjoiMSJ9",
          "dependencies": [
            "aws_security_group.sg",
            "data.aws_ami.ubuntu"
          ]
        }
      ]
    },
    {
      "mode": "managed",
      "type": "aws_key_pair",
      "name": "deployer",
      "provider": "provider[\"registry.terraform.io/hashicorp/aws\"]",
      "instances": [
        {
          "schema_version": 1,
          "attributes": {
            "arn": "arn:aws:ec2:eu-north-1:363174885355:key-pair/kon_terraform_key",
            "fingerprint": "98:f0:43:1a:ac:bb:5c:05:81:af:ef:a8:63:66:86:4f",
            "id": "kon_terraform_key",
            "key_name": "kon_terraform_key",
            "key_name_prefix": "",
            "key_pair_id": "key-0eb88b8b651a94165",
            "key_type": "rsa",
            "public_key": "ssh-rsa AAAAB3NzaC1yc2EAAAADAQABAAABAQCz6YQ8gbVGGIIYCymAC0/RzluOwsPZO4LmpY9TZtJZVgkyUmQIc61i+/VNG88hhQ0kzvHGz4dui9m8xKmHXOVrUPUkoK0KYEsrH6x7HYAJdj5TGFpI2Tr5glf0cObbuqgv2HeTdG/jZshRFlO/+sRH2Uk0RplI6jU9TWYCUkBCnKvstjrH6I+kahg4Uuhy57UDxeLN3CoaGOf4tvb1o60vBxhVzuHD5tzHbNDgdoHfptjnmq3W+AuASFf980z3b8fOSUTZU3lQtyxe3pICEvjaIwM8MDdREzP5fkY4KeriTjMm2qwJ4DBytW9dccRAwVj/U2Sr0pCzAdaK/y79ilwH",
            "tags": null,
            "tags_all": {
              "Owner": "Konstantin Busalov"
            }
          },
          "sensitive_attributes": [],
          "identity_schema_version": 0,
          "private": "eyJzY2hlbWFfdmVyc2lvbiI6IjEifQ==",
          "dependencies": [
            "tls_private_key.ssh_key"
          ]
        }
      ]
    },
    {
      "mode": "managed",
      "type": "aws_security_group",
      "name": "sg",
      "provider": "provider[\"registry.terraform.io/hashicorp/aws\"]",
      "instances": [
        {
          "schema_version": 1,
          "attributes": {
            "arn": "arn:aws:ec2:eu-north-1:363174885355:security-group/sg-0f2d30b56d87fda28",
            "description": "Managed by Terraform",
            "egress": [
              {
                "cidr_blocks": [
                  "0.0.0.0/0"
                ],
                "description": "",
                "from_port": 0,
                "ipv6_cidr_blocks": [],
                "prefix_list_ids": [],
                "protocol": "-1",
                "security_groups": [],
                "self": false,
                "to_port": 0
              }
            ],
            "id": "sg-0f2d30b56d87fda28",
            "ingress": [
              {
                "cidr_blocks": [
                  "0.0.0.0/0"
                ],
                "description": "",
                "from_port": 22,
                "ipv6_cidr_blocks": [],
                "prefix_list_ids": [],
                "protocol": "tcp",
                "security_groups": [],
                "self": false,
                "to_port": 22
              },
              {
                "cidr_blocks": [
                  "0.0.0.0/0"
                ],
                "description": "",
                "from_port": 80,
                "ipv6_cidr_blocks": [],
                "prefix_list_ids": [],
                "protocol": "tcp",
                "security_groups": [],
                "self": false,
                "to_port": 80
              }
            ],
            "name": "trainee-project-dev-sg",
            "name_prefix": "",
            "owner_id": "363174885355",
            "revoke_rules_on_delete": false,
            "tags": null,
            "tags_all": {
              "Owner": "Konstantin Busalov"
            },
            "timeouts": null,
            "vpc_id": "vpc-0f72146578d770496"
          },
          "sensitive_attributes": [],
          "identity_schema_version": 0,
          "private": "eyJlMmJmYjczMC1lY2FhLTExZTYtOGY4OC0zNDM2M2JjN2M0YzAiOnsiY3JlYXRlIjo2MDAwMDAwMDAwMDAsImRlbGV0ZSI6OTAwMDAwMDAwMDAwfSwic2NoZW1hX3ZlcnNpb24iOiIxIn0="
        }
      ]
    },
    {
      "mode": "managed",
      "type": "local_file",
      "name": "private_key_pem",
      "provider": "provider[\"registry.terraform.io/hashicorp/local\"]",
      "instances": [
        {
          "schema_version": 0,
          "attributes": {
            "content": "-----BEGIN RSA PRIVATE KEY-----\nMIIEogIBAAKCAQEAs+mEPIG1RhiCGAspgAtP0c5bjsLD2TuC5qWPU2bSWVYJMlJk\nCHOtYvv1TRvPIYUNJM7xxs+HbovZvMSph1zla1D1JKCtCmBLKx+sex2ACXY+Uxha\nSNk6+YJX9HDm27qoL9h3k3Rv42bIURZTv/rER9lJNEaZSOo1PU1mAlJAQpyr7LY6\nx+iPpGoYOFLocue1A8XizdwqGhjn+Lb29aOtLwcYVc7hw+bcx2zQ4HaB36bY55qt\n1vgLgEhX/fNM92/HzklE2VN5ULcsXt6SAhL42iMDPDA3URMz+X5GOCnq4k4zJtqs\nCeAwcrVvXXHEQMFY/1Nkq9KQswHWiv8u/YpcBwIDAQABAoIBABPaNQT24cmIqMpT\nE6g/wfYKdEtDg0L0RdSCTld1+sjFgqGdOnvoRSitWXsXEiXGaGs4XrDWc5ZSM5uY\ng9seTWkod3SBj7abu4+toLsRHUYYrcs+M7A4MEFvYu85NMWS9OjFVSSImP7Ed7Q4\nPNOWrelTuQ0zVnTCS0+mu8E5Ju1ylvT1x0XWgct6hlOXVD/RXb6O0mdhLlfZetuJ\nF9sCEJRD/9Ip0VCHLi5xx0i+h8AX7fVvvE2FIF1bmwBDWLHxhxMH8ou+8iCIRAaW\nKzJs8ixVvssKrtQj2oeYMXUi3X5/rueUg12DzvuGGHa+Ch8ElIknMNwKd5Yp5hJS\n76Vm45ECgYEA1W7sAFvaSbHa0kkc9k/BR5ztNx8hG14jPGivVksoBqRmRRfBqPNj\nrgpPg0prenOz7KLgbybKVaLt7oLZxtHxLY/kFGBPf7tY4roI1D0aaRE4X7VJdZUW\nRwVpIZtqcpwuQNVqVQA0H+2RBpEC/eVzcjnJga12CjVJYhEm1mDuNdkCgYEA18si\n335RbY951u2bN/zieaESJknqL0D5mR5l4jMF6dY1xd4GTVKHyHVNJlIqHbyl+TxH\nHDMehye0q0IqF7ZUwl4NxEQlaKCxtJSOT+EGs032w7yQAhLt84uprdKCRsuupBM5\n+sLavUV9kfxz14MCigWKGUDdv395LOC0fLUolN8CgYARBqQ08x7auiFmnQZ+b6ZP\nfClAOG9/q2bMLt2t2Jj8zqiJ4ndEbwYIoDHvm0QvpIM54VReCY4ifrjUSgPtZFoE\n9HGRXo149w0EKSsDI0y0DPeeSuvtQVNhnwDf+XHoaqUV7vBoj3eZBG6JQ5AliORI\nvGtiuN+tuMp91Dhw6ZKXIQKBgGSkK7Z6LjXftV5E4KBjA6jgMxvCW0MAlagQ4kl1\nrGtbaSbIHr5PIF6gPoQBy/ykb+/mae+/85vrK7q3l/QJKEyiGt+PPLcoQtjKc/jT\nJRHY6Z5uQeeFto5gc5lK1VF5SxDgmqjV2bhuQVsll01Kn5OJc9fFReY66GPCxMpo\nnu2XAoGAHWSx+2nYXDO1bvH0nG/a0YDASFZCN16tJkkWInnqI7BCOqpXTQQv3t3j\n2ojZSvejBkxRbDbqOxwblGVRNyxiY+r/XTCTJ3w76Xq41Xe2bNINzGZKm63+dJrn\nNlo/bW3qW2ITnNFXkIhw6ERI6dvNPlvBPuqW+ZD67vqUqMwdcQU=\n-----END RSA PRIVATE KEY-----\n",
            "content_base64": null,
            "content_base64sha256": "h3BFmpR2vKHTygln2QmpkMsVVQ2AX7BaOSRQ/IWWWPI=",
            "content_base64sha512": "mg6No3BuV+w478uvTy7qyG0Xgiu8dwfB6KdzAhhZeJDOMZeslrrkxHLrsnOrGBurgip6zvZc7m+dBzTqhz4QYg==",
            "content_md5": "bb3d95a90bcd309b93115cf38fbb6bb1",
            "content_sha1": "25263370b2641c9c7c15a3173d818e1221e3b8f5",
            "content_sha256": "8770459a9476bca1d3ca0967d909a990cb15550d805fb05a392450fc859658f2",
            "content_sha512": "9a0e8da3706e57ec38efcbaf4f2eeac86d17822bbc7707c1e8a7730218597890ce3197ac96bae4c472ebb273ab181bab822a7acef65cee6f9d0734ea873e1062",
            "directory_permission": "0777",
            "file_permission": "0400",
            "filename": "/home/kon/SSH_Keys/kon_terraform_key.pem",
            "id": "25263370b2641c9c7c15a3173d818e1221e3b8f5",
            "sensitive_content": null,
            "source": null
          },
          "sensitive_attributes": [
            [
              {
                "type": "get_attr",
                "value": "content"
              }
            ],
            [
              {
                "type": "get_attr",
                "value": "sensitive_content"
              }
            ]
          ],
          "identity_schema_version": 0,
          "dependencies": [
            "tls_private_key.ssh_key"
          ]
        }
      ]
    },
    {
      "mode": "managed",
      "type": "tls_private_key",
      "name": "ssh_key",
      "provider": "provider[\"registry.terraform.io/hashicorp/tls\"]",
      "instances": [
        {
          "schema_version": 1,
          "attributes": {
            "algorithm": "RSA",
            "ecdsa_curve": "P224",
            "id": "292347481c637c0a5e3096262de36bf8de3d629e",
            "private_key_openssh": "-----BEGIN OPENSSH PRIVATE KEY-----\nb3BlbnNzaC1rZXktdjEAAAAABG5vbmUAAAAEbm9uZQAAAAAAAAABAAABFwAAAAdz\nc2gtcnNhAAAAAwEAAQAAAQEAs+mEPIG1RhiCGAspgAtP0c5bjsLD2TuC5qWPU2bS\nWVYJMlJkCHOtYvv1TRvPIYUNJM7xxs+HbovZvMSph1zla1D1JKCtCmBLKx+sex2A\nCXY+UxhaSNk6+YJX9HDm27qoL9h3k3Rv42bIURZTv/rER9lJNEaZSOo1PU1mAlJA\nQpyr7LY6x+iPpGoYOFLocue1A8XizdwqGhjn+Lb29aOtLwcYVc7hw+bcx2zQ4HaB\n36bY55qt1vgLgEhX/fNM92/HzklE2VN5ULcsXt6SAhL42iMDPDA3URMz+X5GOCnq\n4k4zJtqsCeAwcrVvXXHEQMFY/1Nkq9KQswHWiv8u/YpcBwAAA7gtc722LXO9tgAA\nAAdzc2gtcnNhAAABAQCz6YQ8gbVGGIIYCymAC0/RzluOwsPZO4LmpY9TZtJZVgky\nUmQIc61i+/VNG88hhQ0kzvHGz4dui9m8xKmHXOVrUPUkoK0KYEsrH6x7HYAJdj5T\nGFpI2Tr5glf0cObbuqgv2HeTdG/jZshRFlO/+sRH2Uk0RplI6jU9TWYCUkBCnKvs\ntjrH6I+kahg4Uuhy57UDxeLN3CoaGOf4tvb1o60vBxhVzuHD5tzHbNDgdoHfptjn\nmq3W+AuASFf980z3b8fOSUTZU3lQtyxe3pICEvjaIwM8MDdREzP5fkY4KeriTjMm\n2qwJ4DBytW9dccRAwVj/U2Sr0pCzAdaK/y79ilwHAAAAAwEAAQAAAQAT2jUE9uHJ\niKjKUxOoP8H2CnRLQ4NC9EXUgk5XdfrIxYKhnTp76EUorVl7FxIlxmhrOF6w1nOW\nUjObmIPbHk1pKHd0gY+2m7uPraC7ER1GGK3LPjOwODBBb2LvOTTFkvToxVUkiJj+\nxHe0ODzTlq3pU7kNM1Z0wktPprvBOSbtcpb09cdF1oHLeoZTl1Q/0V2+jtJnYS5X\n2XrbiRfbAhCUQ//SKdFQhy4uccdIvofAF+31b7xNhSBdW5sAQ1ix8YcTB/KLvvIg\niEQGlisybPIsVb7LCq7UI9qHmDF1It1+f67nlINdg877hhh2vgofBJSJJzDcCneW\nKeYSUu+lZuORAAAAgB1ksftp2FwztW7x9Jxv2tGAwEhWQjderSZJFiJ56iOwQjqq\nV00EL97d49qI2Ur3owZMUWw26jscG5RlUTcsYmPq/10wkyd8O+l6uNV3tmzSDcxm\nSput/nSa5zZaP21t6ltiE5zRV5CIcOhESOnbzT5bwT7qlvmQ+u76lKjMHXEFAAAA\ngQDVbuwAW9pJsdrSSRz2T8FHnO03HyEbXiM8aK9WSygGpGZFF8Go82OuCk+DSmt6\nc7PsouBvJspVou3ugtnG0fEtj+QUYE9/u1jiugjUPRppEThftUl1lRZHBWkhm2py\nnC5A1WpVADQf7ZEGkQL95XNyOcmBrXYKNUliESbWYO412QAAAIEA18si335RbY95\n1u2bN/zieaESJknqL0D5mR5l4jMF6dY1xd4GTVKHyHVNJlIqHbyl+TxHHDMehye0\nq0IqF7ZUwl4NxEQlaKCxtJSOT+EGs032w7yQAhLt84uprdKCRsuupBM5+sLavUV9\nkfxz14MCigWKGUDdv395LOC0fLUolN8AAAAAAQID\n-----END OPENSSH PRIVATE KEY-----\n",
            "private_key_pem": "-----BEGIN RSA PRIVATE KEY-----\nMIIEogIBAAKCAQEAs+mEPIG1RhiCGAspgAtP0c5bjsLD2TuC5qWPU2bSWVYJMlJk\nCHOtYvv1TRvPIYUNJM7xxs+HbovZvMSph1zla1D1JKCtCmBLKx+sex2ACXY+Uxha\nSNk6+YJX9HDm27qoL9h3k3Rv42bIURZTv/rER9lJNEaZSOo1PU1mAlJAQpyr7LY6\nx+iPpGoYOFLocue1A8XizdwqGhjn+Lb29aOtLwcYVc7hw+bcx2zQ4HaB36bY55qt\n1vgLgEhX/fNM92/HzklE2VN5ULcsXt6SAhL42iMDPDA3URMz+X5GOCnq4k4zJtqs\nCeAwcrVvXXHEQMFY/1Nkq9KQswHWiv8u/YpcBwIDAQABAoIBABPaNQT24cmIqMpT\nE6g/wfYKdEtDg0L0RdSCTld1+sjFgqGdOnvoRSitWXsXEiXGaGs4XrDWc5ZSM5uY\ng9seTWkod3SBj7abu4+toLsRHUYYrcs+M7A4MEFvYu85NMWS9OjFVSSImP7Ed7Q4\nPNOWrelTuQ0zVnTCS0+mu8E5Ju1ylvT1x0XWgct6hlOXVD/RXb6O0mdhLlfZetuJ\nF9sCEJRD/9Ip0VCHLi5xx0i+h8AX7fVvvE2FIF1bmwBDWLHxhxMH8ou+8iCIRAaW\nKzJs8ixVvssKrtQj2oeYMXUi3X5/rueUg12DzvuGGHa+Ch8ElIknMNwKd5Yp5hJS\n76Vm45ECgYEA1W7sAFvaSbHa0kkc9k/BR5ztNx8hG14jPGivVksoBqRmRRfBqPNj\nrgpPg0prenOz7KLgbybKVaLt7oLZxtHxLY/kFGBPf7tY4roI1D0aaRE4X7VJdZUW\nRwVpIZtqcpwuQNVqVQA0H+2RBpEC/eVzcjnJga12CjVJYhEm1mDuNdkCgYEA18si\n335RbY951u2bN/zieaESJknqL0D5mR5l4jMF6dY1xd4GTVKHyHVNJlIqHbyl+TxH\nHDMehye0q0IqF7ZUwl4NxEQlaKCxtJSOT+EGs032w7yQAhLt84uprdKCRsuupBM5\n+sLavUV9kfxz14MCigWKGUDdv395LOC0fLUolN8CgYARBqQ08x7auiFmnQZ+b6ZP\nfClAOG9/q2bMLt2t2Jj8zqiJ4ndEbwYIoDHvm0QvpIM54VReCY4ifrjUSgPtZFoE\n9HGRXo149w0EKSsDI0y0DPeeSuvtQVNhnwDf+XHoaqUV7vBoj3eZBG6JQ5AliORI\nvGtiuN+tuMp91Dhw6ZKXIQKBgGSkK7Z6LjXftV5E4KBjA6jgMxvCW0MAlagQ4kl1\nrGtbaSbIHr5PIF6gPoQBy/ykb+/mae+/85vrK7q3l/QJKEyiGt+PPLcoQtjKc/jT\nJRHY6Z5uQeeFto5gc5lK1VF5SxDgmqjV2bhuQVsll01Kn5OJc9fFReY66GPCxMpo\nnu2XAoGAHWSx+2nYXDO1bvH0nG/a0YDASFZCN16tJkkWInnqI7BCOqpXTQQv3t3j\n2ojZSvejBkxRbDbqOxwblGVRNyxiY+r/XTCTJ3w76Xq41Xe2bNINzGZKm63+dJrn\nNlo/bW3qW2ITnNFXkIhw6ERI6dvNPlvBPuqW+ZD67vqUqMwdcQU=\n-----END RSA PRIVATE KEY-----\n",
            "private_key_pem_pkcs8": "-----BEGIN PRIVATE KEY-----\nMIIEvAIBADANBgkqhkiG9w0BAQEFAASCBKYwggSiAgEAAoIBAQCz6YQ8gbVGGIIY\nCymAC0/RzluOwsPZO4LmpY9TZtJZVgkyUmQIc61i+/VNG88hhQ0kzvHGz4dui9m8\nxKmHXOVrUPUkoK0KYEsrH6x7HYAJdj5TGFpI2Tr5glf0cObbuqgv2HeTdG/jZshR\nFlO/+sRH2Uk0RplI6jU9TWYCUkBCnKvstjrH6I+kahg4Uuhy57UDxeLN3CoaGOf4\ntvb1o60vBxhVzuHD5tzHbNDgdoHfptjnmq3W+AuASFf980z3b8fOSUTZU3lQtyxe\n3pICEvjaIwM8MDdREzP5fkY4KeriTjMm2qwJ4DBytW9dccRAwVj/U2Sr0pCzAdaK\n/y79ilwHAgMBAAECggEAE9o1BPbhyYioylMTqD/B9gp0S0ODQvRF1IJOV3X6yMWC\noZ06e+hFKK1ZexcSJcZoazhesNZzllIzm5iD2x5NaSh3dIGPtpu7j62guxEdRhit\nyz4zsDgwQW9i7zk0xZL06MVVJIiY/sR3tDg805at6VO5DTNWdMJLT6a7wTkm7XKW\n9PXHRdaBy3qGU5dUP9Fdvo7SZ2EuV9l624kX2wIQlEP/0inRUIcuLnHHSL6HwBft\n9W+8TYUgXVubAENYsfGHEwfyi77yIIhEBpYrMmzyLFW+ywqu1CPah5gxdSLdfn+u\n55SDXYPO+4YYdr4KHwSUiScw3Ap3linmElLvpWbjkQKBgQDVbuwAW9pJsdrSSRz2\nT8FHnO03HyEbXiM8aK9WSygGpGZFF8Go82OuCk+DSmt6c7PsouBvJspVou3ugtnG\n0fEtj+QUYE9/u1jiugjUPRppEThftUl1lRZHBWkhm2pynC5A1WpVADQf7ZEGkQL9\n5XNyOcmBrXYKNUliESbWYO412QKBgQDXyyLfflFtj3nW7Zs3/OJ5oRImSeovQPmZ\nHmXiMwXp1jXF3gZNUofIdU0mUiodvKX5PEccMx6HJ7SrQioXtlTCXg3ERCVooLG0\nlI5P4QazTfbDvJACEu3zi6mt0oJGy66kEzn6wtq9RX2R/HPXgwKKBYoZQN2/f3ks\n4LR8tSiU3wKBgBEGpDTzHtq6IWadBn5vpk98KUA4b3+rZswu3a3YmPzOqInid0Rv\nBgigMe+bRC+kgznhVF4JjiJ+uNRKA+1kWgT0cZFejXj3DQQpKwMjTLQM955K6+1B\nU2GfAN/5cehqpRXu8GiPd5kEbolDkCWI5Ei8a2K43624yn3UOHDpkpchAoGAZKQr\ntnouNd+1XkTgoGMDqOAzG8JbQwCVqBDiSXWsa1tpJsgevk8gXqA+hAHL/KRv7+Zp\n77/zm+srureX9AkoTKIa3488tyhC2Mpz+NMlEdjpnm5B54W2jmBzmUrVUXlLEOCa\nqNXZuG5BWyWXTUqfk4lz18VF5jroY8LEymie7ZcCgYAdZLH7adhcM7Vu8fScb9rR\ngMBIVkI3Xq0mSRYieeojsEI6qldNBC/e3ePaiNlK96MGTFFsNuo7HBuUZVE3LGJj\n6v9dMJMnfDvperjVd7Zs0g3MZkqbrf50muc2Wj9tbepbYhOc0VeQiHDoREjp280+\nW8E+6pb5kPru+pSozB1xBQ==\n-----END PRIVATE KEY-----\n",
            "public_key_fingerprint_md5": "27:28:3f:a9:f4:5c:c5:1d:93:e5:82:ac:36:56:bd:2f",
            "public_key_fingerprint_sha256": "SHA256:jF9qO/kDAWDDDeF8Los6nevGaHDUnrbAN0y4CcxgNc8",
            "public_key_openssh": "ssh-rsa AAAAB3NzaC1yc2EAAAADAQABAAABAQCz6YQ8gbVGGIIYCymAC0/RzluOwsPZO4LmpY9TZtJZVgkyUmQIc61i+/VNG88hhQ0kzvHGz4dui9m8xKmHXOVrUPUkoK0KYEsrH6x7HYAJdj5TGFpI2Tr5glf0cObbuqgv2HeTdG/jZshRFlO/+sRH2Uk0RplI6jU9TWYCUkBCnKvstjrH6I+kahg4Uuhy57UDxeLN3CoaGOf4tvb1o60vBxhVzuHD5tzHbNDgdoHfptjnmq3W+AuASFf980z3b8fOSUTZU3lQtyxe3pICEvjaIwM8MDdREzP5fkY4KeriTjMm2qwJ4DBytW9dccRAwVj/U2Sr0pCzAdaK/y79ilwH\n",
            "public_key_pem": "-----BEGIN PUBLIC KEY-----\nMIIBIjANBgkqhkiG9w0BAQEFAAOCAQ8AMIIBCgKCAQEAs+mEPIG1RhiCGAspgAtP\n0c5bjsLD2TuC5qWPU2bSWVYJMlJkCHOtYvv1TRvPIYUNJM7xxs+HbovZvMSph1zl\na1D1JKCtCmBLKx+sex2ACXY+UxhaSNk6+YJX9HDm27qoL9h3k3Rv42bIURZTv/rE\nR9lJNEaZSOo1PU1mAlJAQpyr7LY6x+iPpGoYOFLocue1A8XizdwqGhjn+Lb29aOt\nLwcYVc7hw+bcx2zQ4HaB36bY55qt1vgLgEhX/fNM92/HzklE2VN5ULcsXt6SAhL4\n2iMDPDA3URMz+X5GOCnq4k4zJtqsCeAwcrVvXXHEQMFY/1Nkq9KQswHWiv8u/Ypc\nBwIDAQAB\n-----END PUBLIC KEY-----\n",
            "rsa_bits": 2048
          },
          "sensitive_attributes": [
            [
              {
                "type": "get_attr",
                "value": "private_key_openssh"
              }
            ],
            [
              {
                "type": "get_attr",
                "value": "private_key_pem"
              }
            ],
            [
              {
                "type": "get_attr",
                "value": "private_key_pem_pkcs8"
              }
            ]
          ],
          "identity_schema_version": 0
        }
      ]
    }
  ],
  "check_results": null
}
