{
  "version": 4,
  "terraform_version": "1.13.0",
  "serial": 98,
  "lineage": "fdcf2194-56d8-3ad8-bde5-5839eb5530fb",
  "outputs": {},
  "resources": [
    {
      "mode": "data",
      "type": "aws_ami",
      "name": "ubuntu",
      "provider": "provider[\"registry.terraform.io/hashicorp/aws\"]",
      "instances": [
        {
          "schema_version": 0,
          "attributes": {
            "architecture": "x86_64",
            "arn": "arn:aws:ec2:eu-north-1::image/ami-0a716d3f3b16d290c",
            "block_device_mappings": [
              {
                "device_name": "/dev/sda1",
                "ebs": {
                  "delete_on_termination": "true",
                  "encrypted": "false",
                  "iops": "0",
                  "snapshot_id": "snap-0e745493090050ca2",
                  "throughput": "0",
                  "volume_size": "8",
                  "volume_type": "gp3"
                },
                "no_device": "",
                "virtual_name": ""
              },
              {
                "device_name": "/dev/sdb",
                "ebs": {},
                "no_device": "",
                "virtual_name": "ephemeral0"
              },
              {
                "device_name": "/dev/sdc",
                "ebs": {},
                "no_device": "",
                "virtual_name": "ephemeral1"
              }
            ],
            "boot_mode": "uefi-preferred",
            "creation_date": "2025-08-21T11:32:28.000Z",
            "deprecation_time": "2027-08-21T11:32:28.000Z",
            "description": "Canonical, Ubuntu, 24.04, amd64 noble image",
            "ena_support": true,
            "executable_users": null,
            "filter": [
              {
                "name": "name",
                "values": [
                  "ubuntu/images/hvm-ssd-gp3/ubuntu-noble-24.04-amd64-server-*"
                ]
              }
            ],
            "hypervisor": "xen",
            "id": "ami-0a716d3f3b16d290c",
            "image_id": "ami-0a716d3f3b16d290c",
            "image_location": "amazon/ubuntu/images/hvm-ssd-gp3/ubuntu-noble-24.04-amd64-server-20250821",
            "image_owner_alias": "amazon",
            "image_type": "machine",
            "imds_support": "v2.0",
            "include_deprecated": false,
            "kernel_id": "",
            "most_recent": true,
            "name": "ubuntu/images/hvm-ssd-gp3/ubuntu-noble-24.04-amd64-server-20250821",
            "name_regex": null,
            "owner_id": "099720109477",
            "owners": [
              "099720109477"
            ],
            "platform": "",
            "platform_details": "Linux/UNIX",
            "product_codes": [],
            "public": true,
            "ramdisk_id": "",
            "root_device_name": "/dev/sda1",
            "root_device_type": "ebs",
            "root_snapshot_id": "snap-0e745493090050ca2",
            "sriov_net_support": "simple",
            "state": "available",
            "state_reason": {
              "code": "UNSET",
              "message": "UNSET"
            },
            "tags": {},
            "timeouts": null,
            "tpm_support": "",
            "usage_operation": "RunInstances",
            "virtualization_type": "hvm"
          },
          "sensitive_attributes": [],
          "identity_schema_version": 0
        }
      ]
    },
    {
      "mode": "managed",
      "type": "aws_instance",
      "name": "ec2",
      "provider": "provider[\"registry.terraform.io/hashicorp/aws\"]",
      "instances": [
        {
          "index_key": "backend",
          "schema_version": 1,
          "attributes": {
            "ami": "ami-0a716d3f3b16d290c",
            "arn": "arn:aws:ec2:eu-north-1:363174885355:instance/i-0e0cb1261ed077e6f",
            "associate_public_ip_address": true,
            "availability_zone": "eu-north-1a",
            "capacity_reservation_specification": [
              {
                "capacity_reservation_preference": "open",
                "capacity_reservation_target": []
              }
            ],
            "cpu_core_count": 1,
            "cpu_options": [
              {
                "amd_sev_snp": "",
                "core_count": 1,
                "threads_per_core": 2
              }
            ],
            "cpu_threads_per_core": 2,
            "credit_specification": [
              {
                "cpu_credits": "unlimited"
              }
            ],
            "disable_api_stop": false,
            "disable_api_termination": false,
            "ebs_block_device": [],
            "ebs_optimized": false,
            "enclave_options": [
              {
                "enabled": false
              }
            ],
            "ephemeral_block_device": [],
            "get_password_data": false,
            "hibernation": false,
            "host_id": "",
            "host_resource_group_arn": null,
            "iam_instance_profile": "",
            "id": "i-0e0cb1261ed077e6f",
            "instance_initiated_shutdown_behavior": "stop",
            "instance_lifecycle": "",
            "instance_market_options": [],
            "instance_state": "running",
            "instance_type": "t3.micro",
            "ipv6_address_count": 0,
            "ipv6_addresses": [],
            "key_name": "kon_terraform_key",
            "launch_template": [],
            "maintenance_options": [
              {
                "auto_recovery": "default"
              }
            ],
            "metadata_options": [
              {
                "http_endpoint": "enabled",
                "http_protocol_ipv6": "disabled",
                "http_put_response_hop_limit": 2,
                "http_tokens": "required",
                "instance_metadata_tags": "disabled"
              }
            ],
            "monitoring": false,
            "network_interface": [],
            "outpost_arn": "",
            "password_data": "",
            "placement_group": "",
            "placement_partition_number": 0,
            "primary_network_interface_id": "eni-0ce1598db9c375064",
            "private_dns": "ip-172-31-28-40.eu-north-1.compute.internal",
            "private_dns_name_options": [
              {
                "enable_resource_name_dns_a_record": false,
                "enable_resource_name_dns_aaaa_record": false,
                "hostname_type": "ip-name"
              }
            ],
            "private_ip": "172.31.28.40",
            "public_dns": "ec2-13-60-48-92.eu-north-1.compute.amazonaws.com",
            "public_ip": "13.60.48.92",
            "root_block_device": [
              {
                "delete_on_termination": true,
                "device_name": "/dev/sda1",
                "encrypted": false,
                "iops": 3000,
                "kms_key_id": "",
                "tags": {},
                "tags_all": {
                  "Owner": "Konstantin Busalov"
                },
                "throughput": 125,
                "volume_id": "vol-0ac8862c8c58cb032",
                "volume_size": 8,
                "volume_type": "gp3"
              }
            ],
            "secondary_private_ips": [],
            "security_groups": [
              "trainee-project-dev-sg"
            ],
            "source_dest_check": true,
            "spot_instance_request_id": "",
            "subnet_id": "subnet-0c8d6b3d0270cd6e7",
            "tags": {
              "Name": "trainee-project-dev-backend-ec2"
            },
            "tags_all": {
              "Name": "trainee-project-dev-backend-ec2",
              "Owner": "Konstantin Busalov"
            },
            "tenancy": "default",
            "timeouts": null,
            "user_data": "09eb84886d29093adcaca9dd9599eb4493a0652c",
            "user_data_base64": null,
            "user_data_replace_on_change": false,
            "volume_tags": null,
            "vpc_security_group_ids": [
              "sg-0e02909f11b21d809"
            ]
          },
          "sensitive_attributes": [],
          "identity_schema_version": 0,
          "private": "eyJlMmJmYjczMC1lY2FhLTExZTYtOGY4OC0zNDM2M2JjN2M0YzAiOnsiY3JlYXRlIjo2MDAwMDAwMDAwMDAsImRlbGV0ZSI6MTIwMDAwMDAwMDAwMCwicmVhZCI6OTAwMDAwMDAwMDAwLCJ1cGRhdGUiOjYwMDAwMDAwMDAwMH0sInNjaGVtYV92ZXJzaW9uIjoiMSJ9",
          "dependencies": [
            "aws_security_group.sg",
            "data.aws_ami.ubuntu"
          ]
        },
        {
          "index_key": "frontend",
          "schema_version": 1,
          "attributes": {
            "ami": "ami-0a716d3f3b16d290c",
            "arn": "arn:aws:ec2:eu-north-1:363174885355:instance/i-0ff3ffedb0407c20a",
            "associate_public_ip_address": true,
            "availability_zone": "eu-north-1a",
            "capacity_reservation_specification": [
              {
                "capacity_reservation_preference": "open",
                "capacity_reservation_target": []
              }
            ],
            "cpu_core_count": 1,
            "cpu_options": [
              {
                "amd_sev_snp": "",
                "core_count": 1,
                "threads_per_core": 2
              }
            ],
            "cpu_threads_per_core": 2,
            "credit_specification": [
              {
                "cpu_credits": "unlimited"
              }
            ],
            "disable_api_stop": false,
            "disable_api_termination": false,
            "ebs_block_device": [],
            "ebs_optimized": false,
            "enclave_options": [
              {
                "enabled": false
              }
            ],
            "ephemeral_block_device": [],
            "get_password_data": false,
            "hibernation": false,
            "host_id": "",
            "host_resource_group_arn": null,
            "iam_instance_profile": "",
            "id": "i-0ff3ffedb0407c20a",
            "instance_initiated_shutdown_behavior": "stop",
            "instance_lifecycle": "",
            "instance_market_options": [],
            "instance_state": "running",
            "instance_type": "t3.nano",
            "ipv6_address_count": 0,
            "ipv6_addresses": [],
            "key_name": "kon_terraform_key",
            "launch_template": [],
            "maintenance_options": [
              {
                "auto_recovery": "default"
              }
            ],
            "metadata_options": [
              {
                "http_endpoint": "enabled",
                "http_protocol_ipv6": "disabled",
                "http_put_response_hop_limit": 2,
                "http_tokens": "required",
                "instance_metadata_tags": "disabled"
              }
            ],
            "monitoring": false,
            "network_interface": [],
            "outpost_arn": "",
            "password_data": "",
            "placement_group": "",
            "placement_partition_number": 0,
            "primary_network_interface_id": "eni-0b5fe265d760a2c79",
            "private_dns": "ip-172-31-29-163.eu-north-1.compute.internal",
            "private_dns_name_options": [
              {
                "enable_resource_name_dns_a_record": false,
                "enable_resource_name_dns_aaaa_record": false,
                "hostname_type": "ip-name"
              }
            ],
            "private_ip": "172.31.29.163",
            "public_dns": "ec2-51-21-251-148.eu-north-1.compute.amazonaws.com",
            "public_ip": "51.21.251.148",
            "root_block_device": [
              {
                "delete_on_termination": true,
                "device_name": "/dev/sda1",
                "encrypted": false,
                "iops": 3000,
                "kms_key_id": "",
                "tags": {},
                "tags_all": {
                  "Owner": "Konstantin Busalov"
                },
                "throughput": 125,
                "volume_id": "vol-0825b13b781ec0e66",
                "volume_size": 8,
                "volume_type": "gp3"
              }
            ],
            "secondary_private_ips": [],
            "security_groups": [
              "trainee-project-dev-sg"
            ],
            "source_dest_check": true,
            "spot_instance_request_id": "",
            "subnet_id": "subnet-0c8d6b3d0270cd6e7",
            "tags": {
              "Name": "trainee-project-dev-frontend-ec2"
            },
            "tags_all": {
              "Name": "trainee-project-dev-frontend-ec2",
              "Owner": "Konstantin Busalov"
            },
            "tenancy": "default",
            "timeouts": null,
            "user_data": "09eb84886d29093adcaca9dd9599eb4493a0652c",
            "user_data_base64": null,
            "user_data_replace_on_change": false,
            "volume_tags": null,
            "vpc_security_group_ids": [
              "sg-0e02909f11b21d809"
            ]
          },
          "sensitive_attributes": [],
          "identity_schema_version": 0,
          "private": "eyJlMmJmYjczMC1lY2FhLTExZTYtOGY4OC0zNDM2M2JjN2M0YzAiOnsiY3JlYXRlIjo2MDAwMDAwMDAwMDAsImRlbGV0ZSI6MTIwMDAwMDAwMDAwMCwicmVhZCI6OTAwMDAwMDAwMDAwLCJ1cGRhdGUiOjYwMDAwMDAwMDAwMH0sInNjaGVtYV92ZXJzaW9uIjoiMSJ9",
          "dependencies": [
            "aws_security_group.sg",
            "data.aws_ami.ubuntu"
          ]
        }
      ]
    },
    {
      "mode": "managed",
      "type": "aws_key_pair",
      "name": "deployer",
      "provider": "provider[\"registry.terraform.io/hashicorp/aws\"]",
      "instances": [
        {
          "schema_version": 1,
          "attributes": {
            "arn": "arn:aws:ec2:eu-north-1:363174885355:key-pair/kon_terraform_key",
            "fingerprint": "3a:99:a0:5d:9c:07:20:48:f7:ce:99:a0:35:64:98:3a",
            "id": "kon_terraform_key",
            "key_name": "kon_terraform_key",
            "key_name_prefix": "",
            "key_pair_id": "key-0b6b6976cb876aefc",
            "key_type": "rsa",
            "public_key": "ssh-rsa AAAAB3NzaC1yc2EAAAADAQABAAABAQChJlbea+3gpFP+wtMTuzuxPZz2rXQOEtmTTD3P9ZMlUyeudWM34FYDysNXGoUCYruu4om+BqDp1BB+/jE0WUt+/eOJPJMnbUW82LqLSKQU9rdNpV4s9YuUroATxU8RCpIXv72TKGOBKABK0/E6+8d5W7uOiGlCHNlc8TeiCJkK0AZQd6iuwCv7YMigWB5S43jmrKKp+Liv3wzRRATzsTQN0p3jFNhiV83Se2ks4EAuBfoOHIjpbhm/ezMtRNY8h6PjZLtmtPukG4QyGIpnSCjfQlOe2DpzNRMwHp2Im5XfNnGRSVibg1/OEgmN+WyyqqpouWwFhFMJdv0kFyONj62n",
            "tags": {},
            "tags_all": {
              "Owner": "Konstantin Busalov"
            }
          },
          "sensitive_attributes": [],
          "identity_schema_version": 0,
          "private": "eyJzY2hlbWFfdmVyc2lvbiI6IjEifQ==",
          "dependencies": [
            "tls_private_key.ssh_key"
          ]
        }
      ]
    },
    {
      "mode": "managed",
      "type": "aws_security_group",
      "name": "sg",
      "provider": "provider[\"registry.terraform.io/hashicorp/aws\"]",
      "instances": [
        {
          "schema_version": 1,
          "attributes": {
            "arn": "arn:aws:ec2:eu-north-1:363174885355:security-group/sg-0e02909f11b21d809",
            "description": "Managed by Terraform",
            "egress": [
              {
                "cidr_blocks": [
                  "0.0.0.0/0"
                ],
                "description": "",
                "from_port": 0,
                "ipv6_cidr_blocks": [],
                "prefix_list_ids": [],
                "protocol": "-1",
                "security_groups": [],
                "self": false,
                "to_port": 0
              }
            ],
            "id": "sg-0e02909f11b21d809",
            "ingress": [
              {
                "cidr_blocks": [
                  "0.0.0.0/0"
                ],
                "description": "",
                "from_port": 22,
                "ipv6_cidr_blocks": [],
                "prefix_list_ids": [],
                "protocol": "tcp",
                "security_groups": [],
                "self": false,
                "to_port": 22
              },
              {
                "cidr_blocks": [
                  "0.0.0.0/0"
                ],
                "description": "",
                "from_port": 80,
                "ipv6_cidr_blocks": [],
                "prefix_list_ids": [],
                "protocol": "tcp",
                "security_groups": [],
                "self": false,
                "to_port": 80
              }
            ],
            "name": "trainee-project-dev-sg",
            "name_prefix": "",
            "owner_id": "363174885355",
            "revoke_rules_on_delete": false,
            "tags": {},
            "tags_all": {
              "Owner": "Konstantin Busalov"
            },
            "timeouts": null,
            "vpc_id": "vpc-0f72146578d770496"
          },
          "sensitive_attributes": [],
          "identity_schema_version": 0,
          "private": "eyJlMmJmYjczMC1lY2FhLTExZTYtOGY4OC0zNDM2M2JjN2M0YzAiOnsiY3JlYXRlIjo2MDAwMDAwMDAwMDAsImRlbGV0ZSI6OTAwMDAwMDAwMDAwfSwic2NoZW1hX3ZlcnNpb24iOiIxIn0="
        }
      ]
    },
    {
      "mode": "managed",
      "type": "local_file",
      "name": "private_key_pem",
      "provider": "provider[\"registry.terraform.io/hashicorp/local\"]",
      "instances": [
        {
          "schema_version": 0,
          "attributes": {
            "content": "-----BEGIN RSA PRIVATE KEY-----\nMIIEowIBAAKCAQEAoSZW3mvt4KRT/sLTE7s7sT2c9q10DhLZk0w9z/WTJVMnrnVj\nN+BWA8rDVxqFAmK7ruKJvgag6dQQfv4xNFlLfv3jiTyTJ21FvNi6i0ikFPa3TaVe\nLPWLlK6AE8VPEQqSF7+9kyhjgSgAStPxOvvHeVu7johpQhzZXPE3ogiZCtAGUHeo\nrsAr+2DIoFgeUuN45qyiqfi4r98M0UQE87E0DdKd4xTYYlfN0ntpLOBALgX6DhyI\n6W4Zv3szLUTWPIej42S7ZrT7pBuEMhiKZ0go30JTntg6czUTMB6diJuV3zZxkUlY\nm4NfzhIJjflssqqqaLlsBYRTCXb9JBcjjY+tpwIDAQABAoIBADKbXKpq0IA8ethF\njI3kvaEyjSl2XTzSNJuqVLsLDtOo4oxJ9wekHr8AHQosnNqb8P7By6nuYPgtjaSj\n5QXgiPHvf1YovLmj+kOM+EAnZsfilrv+k62gyt29UyFiVCsw26Izp7Af/eegjT7y\ngg4Y5ZK5+ROQySVm8+fZJLRw6MbY/4cW7DMOKq/Ud/oGShvSiQ4zDKSVdxYR81uk\nzCQNkm86a9DM4MT81NJOsbsC18oRnQ1xDeJJSpgmAc8f2LV4AaYSwQdqbp+wCUQ5\n92XUlkrvKQB6UKIvTjaf4SYK1//Z/+RaEhXyzKi0yitvdfiy7L41w+SiVDtNehqZ\nVW1/14kCgYEA00j1XeRYc5KRCKmbhRejhDKZiuNTn0Si3zaDYOT7Kj8kfKQwQtCz\nCSgXAzFx/e3YTJGrEwXo3UEu344WC3vBtpUzzF0NxLvMBkdRtjzJXRSAh3fY62+S\nTK+gennJFCk4fULqfbNZkfgBlcB6xAg48d+YGrsJo0TnDDOiweHHobsCgYEAw0Ek\n4v2GAv3crRA4X70TlrUxWHyFiLnME10t4TuOVyp0U66CP+Sjqd759dbBIKrcGnxB\nWy3Ajsgzf+bbzajk/B5vI2Chh47n2oHXXUrS1IFJ5uzBbMk/4hRM1TruC5wR4l1/\nFAZkAmh5X7yCFjxmlS7uXhXZONit4D7jKO2NvwUCgYAHz7+6m/GlPDr+ff7Q+eHC\nxngkyWjTD5+R7xsGXxDmK/V2Yj+iiMLFyOSo6pATWlLP6ebQSjykyX8pJsCr5gRw\ncq26lYonxuWxKbvcp/yt408pMwYjFjnreebOAGitxSRghTPUN+hM3EV6uuYPD1rD\nnoeqHVYq4iZErjgLQQS3dwKBgQCqz/GqFmpHcbi9OgRnVOyvGmJJ692SCCCNDCYX\n9VcH0F8l2fOeW7IF6Mg5lh8sKe0VyoAOeQ8Mmf3btaWy3D8+hI1roJyPD6irko1K\n0ytvto9lUtfACKs3Z9TzcXNQer92jZ6fcRvKs4UDCNGxDDQd7Imhi3GV9pDeLYXi\nhzdK1QKBgBqNrUyInJY4URf7fTbf+OnTtvlfBCrqVI6oKl8fcPT42UGS3mKGl6IS\n+mF9XRdSWK9JLGhh59LEQ0NaGe40whLLDa1MFnrMIIwz5hfcEeKTiKs5z5htqa6w\ndxT4ZqFiWGXTAAMKdX0i7dkeeDEehastTHPE1MGWzxoBnzre6+Db\n-----END RSA PRIVATE KEY-----\n",
            "content_base64": null,
            "content_base64sha256": "plVxtxgn/KvcNYahwld7Fq1K02OBsytk6wAdCMtPZS0=",
            "content_base64sha512": "qqOu/Iz4/Ng8ofJY4GxVgx2pkwrbWPDwX5veoR2/4HqmuGdFH/ZojFuUOqU/xlTJPMVgFA/PLvEj+uauhKMFIA==",
            "content_md5": "69ef229b384ff983a64751c7cc3d4d36",
            "content_sha1": "61bac018cf8461212b4e48ae69fd92e736437755",
            "content_sha256": "a65571b71827fcabdc3586a1c2577b16ad4ad36381b32b64eb001d08cb4f652d",
            "content_sha512": "aaa3aefc8cf8fcd83ca1f258e06c55831da9930adb58f0f05f9bdea11dbfe07aa6b867451ff6688c5b943aa53fc654c93cc560140fcf2ef123fae6ae84a30520",
            "directory_permission": "0777",
            "file_permission": "0400",
            "filename": "/home/kon/SSH_Keys/kon_terraform_key.pem",
            "id": "61bac018cf8461212b4e48ae69fd92e736437755",
            "sensitive_content": null,
            "source": null
          },
          "sensitive_attributes": [
            [
              {
                "type": "get_attr",
                "value": "content"
              }
            ],
            [
              {
                "type": "get_attr",
                "value": "sensitive_content"
              }
            ]
          ],
          "identity_schema_version": 0,
          "dependencies": [
            "tls_private_key.ssh_key"
          ]
        }
      ]
    },
    {
      "mode": "managed",
      "type": "tls_private_key",
      "name": "ssh_key",
      "provider": "provider[\"registry.terraform.io/hashicorp/tls\"]",
      "instances": [
        {
          "schema_version": 1,
          "attributes": {
            "algorithm": "RSA",
            "ecdsa_curve": "P224",
            "id": "9ff9ae06fac2d23a65b189c76c32e5fa80b513a6",
            "private_key_openssh": "-----BEGIN OPENSSH PRIVATE KEY-----\nb3BlbnNzaC1rZXktdjEAAAAABG5vbmUAAAAEbm9uZQAAAAAAAAABAAABFwAAAAdz\nc2gtcnNhAAAAAwEAAQAAAQEAoSZW3mvt4KRT/sLTE7s7sT2c9q10DhLZk0w9z/WT\nJVMnrnVjN+BWA8rDVxqFAmK7ruKJvgag6dQQfv4xNFlLfv3jiTyTJ21FvNi6i0ik\nFPa3TaVeLPWLlK6AE8VPEQqSF7+9kyhjgSgAStPxOvvHeVu7johpQhzZXPE3ogiZ\nCtAGUHeorsAr+2DIoFgeUuN45qyiqfi4r98M0UQE87E0DdKd4xTYYlfN0ntpLOBA\nLgX6DhyI6W4Zv3szLUTWPIej42S7ZrT7pBuEMhiKZ0go30JTntg6czUTMB6diJuV\n3zZxkUlYm4NfzhIJjflssqqqaLlsBYRTCXb9JBcjjY+tpwAAA7iOFu9WjhbvVgAA\nAAdzc2gtcnNhAAABAQChJlbea+3gpFP+wtMTuzuxPZz2rXQOEtmTTD3P9ZMlUyeu\ndWM34FYDysNXGoUCYruu4om+BqDp1BB+/jE0WUt+/eOJPJMnbUW82LqLSKQU9rdN\npV4s9YuUroATxU8RCpIXv72TKGOBKABK0/E6+8d5W7uOiGlCHNlc8TeiCJkK0AZQ\nd6iuwCv7YMigWB5S43jmrKKp+Liv3wzRRATzsTQN0p3jFNhiV83Se2ks4EAuBfoO\nHIjpbhm/ezMtRNY8h6PjZLtmtPukG4QyGIpnSCjfQlOe2DpzNRMwHp2Im5XfNnGR\nSVibg1/OEgmN+WyyqqpouWwFhFMJdv0kFyONj62nAAAAAwEAAQAAAQAym1yqatCA\nPHrYRYyN5L2hMo0pdl080jSbqlS7Cw7TqOKMSfcHpB6/AB0KLJzam/D+wcup7mD4\nLY2ko+UF4Ijx739WKLy5o/pDjPhAJ2bH4pa7/pOtoMrdvVMhYlQrMNuiM6ewH/3n\noI0+8oIOGOWSufkTkMklZvPn2SS0cOjG2P+HFuwzDiqv1Hf6Bkob0okOMwyklXcW\nEfNbpMwkDZJvOmvQzODE/NTSTrG7AtfKEZ0NcQ3iSUqYJgHPH9i1eAGmEsEHam6f\nsAlEOfdl1JZK7ykAelCiL042n+EmCtf/2f/kWhIV8syotMorb3X4suy+NcPkolQ7\nTXoamVVtf9eJAAAAgBqNrUyInJY4URf7fTbf+OnTtvlfBCrqVI6oKl8fcPT42UGS\n3mKGl6IS+mF9XRdSWK9JLGhh59LEQ0NaGe40whLLDa1MFnrMIIwz5hfcEeKTiKs5\nz5htqa6wdxT4ZqFiWGXTAAMKdX0i7dkeeDEehastTHPE1MGWzxoBnzre6+DbAAAA\ngQDTSPVd5FhzkpEIqZuFF6OEMpmK41OfRKLfNoNg5PsqPyR8pDBC0LMJKBcDMXH9\n7dhMkasTBejdQS7fjhYLe8G2lTPMXQ3Eu8wGR1G2PMldFICHd9jrb5JMr6B6eckU\nKTh9Qup9s1mR+AGVwHrECDjx35gauwmjROcMM6LB4cehuwAAAIEAw0Ek4v2GAv3c\nrRA4X70TlrUxWHyFiLnME10t4TuOVyp0U66CP+Sjqd759dbBIKrcGnxBWy3Ajsgz\nf+bbzajk/B5vI2Chh47n2oHXXUrS1IFJ5uzBbMk/4hRM1TruC5wR4l1/FAZkAmh5\nX7yCFjxmlS7uXhXZONit4D7jKO2NvwUAAAAAAQID\n-----END OPENSSH PRIVATE KEY-----\n",
            "private_key_pem": "-----BEGIN RSA PRIVATE KEY-----\nMIIEowIBAAKCAQEAoSZW3mvt4KRT/sLTE7s7sT2c9q10DhLZk0w9z/WTJVMnrnVj\nN+BWA8rDVxqFAmK7ruKJvgag6dQQfv4xNFlLfv3jiTyTJ21FvNi6i0ikFPa3TaVe\nLPWLlK6AE8VPEQqSF7+9kyhjgSgAStPxOvvHeVu7johpQhzZXPE3ogiZCtAGUHeo\nrsAr+2DIoFgeUuN45qyiqfi4r98M0UQE87E0DdKd4xTYYlfN0ntpLOBALgX6DhyI\n6W4Zv3szLUTWPIej42S7ZrT7pBuEMhiKZ0go30JTntg6czUTMB6diJuV3zZxkUlY\nm4NfzhIJjflssqqqaLlsBYRTCXb9JBcjjY+tpwIDAQABAoIBADKbXKpq0IA8ethF\njI3kvaEyjSl2XTzSNJuqVLsLDtOo4oxJ9wekHr8AHQosnNqb8P7By6nuYPgtjaSj\n5QXgiPHvf1YovLmj+kOM+EAnZsfilrv+k62gyt29UyFiVCsw26Izp7Af/eegjT7y\ngg4Y5ZK5+ROQySVm8+fZJLRw6MbY/4cW7DMOKq/Ud/oGShvSiQ4zDKSVdxYR81uk\nzCQNkm86a9DM4MT81NJOsbsC18oRnQ1xDeJJSpgmAc8f2LV4AaYSwQdqbp+wCUQ5\n92XUlkrvKQB6UKIvTjaf4SYK1//Z/+RaEhXyzKi0yitvdfiy7L41w+SiVDtNehqZ\nVW1/14kCgYEA00j1XeRYc5KRCKmbhRejhDKZiuNTn0Si3zaDYOT7Kj8kfKQwQtCz\nCSgXAzFx/e3YTJGrEwXo3UEu344WC3vBtpUzzF0NxLvMBkdRtjzJXRSAh3fY62+S\nTK+gennJFCk4fULqfbNZkfgBlcB6xAg48d+YGrsJo0TnDDOiweHHobsCgYEAw0Ek\n4v2GAv3crRA4X70TlrUxWHyFiLnME10t4TuOVyp0U66CP+Sjqd759dbBIKrcGnxB\nWy3Ajsgzf+bbzajk/B5vI2Chh47n2oHXXUrS1IFJ5uzBbMk/4hRM1TruC5wR4l1/\nFAZkAmh5X7yCFjxmlS7uXhXZONit4D7jKO2NvwUCgYAHz7+6m/GlPDr+ff7Q+eHC\nxngkyWjTD5+R7xsGXxDmK/V2Yj+iiMLFyOSo6pATWlLP6ebQSjykyX8pJsCr5gRw\ncq26lYonxuWxKbvcp/yt408pMwYjFjnreebOAGitxSRghTPUN+hM3EV6uuYPD1rD\nnoeqHVYq4iZErjgLQQS3dwKBgQCqz/GqFmpHcbi9OgRnVOyvGmJJ692SCCCNDCYX\n9VcH0F8l2fOeW7IF6Mg5lh8sKe0VyoAOeQ8Mmf3btaWy3D8+hI1roJyPD6irko1K\n0ytvto9lUtfACKs3Z9TzcXNQer92jZ6fcRvKs4UDCNGxDDQd7Imhi3GV9pDeLYXi\nhzdK1QKBgBqNrUyInJY4URf7fTbf+OnTtvlfBCrqVI6oKl8fcPT42UGS3mKGl6IS\n+mF9XRdSWK9JLGhh59LEQ0NaGe40whLLDa1MFnrMIIwz5hfcEeKTiKs5z5htqa6w\ndxT4ZqFiWGXTAAMKdX0i7dkeeDEehastTHPE1MGWzxoBnzre6+Db\n-----END RSA PRIVATE KEY-----\n",
            "private_key_pem_pkcs8": "-----BEGIN PRIVATE KEY-----\nMIIEvQIBADANBgkqhkiG9w0BAQEFAASCBKcwggSjAgEAAoIBAQChJlbea+3gpFP+\nwtMTuzuxPZz2rXQOEtmTTD3P9ZMlUyeudWM34FYDysNXGoUCYruu4om+BqDp1BB+\n/jE0WUt+/eOJPJMnbUW82LqLSKQU9rdNpV4s9YuUroATxU8RCpIXv72TKGOBKABK\n0/E6+8d5W7uOiGlCHNlc8TeiCJkK0AZQd6iuwCv7YMigWB5S43jmrKKp+Liv3wzR\nRATzsTQN0p3jFNhiV83Se2ks4EAuBfoOHIjpbhm/ezMtRNY8h6PjZLtmtPukG4Qy\nGIpnSCjfQlOe2DpzNRMwHp2Im5XfNnGRSVibg1/OEgmN+WyyqqpouWwFhFMJdv0k\nFyONj62nAgMBAAECggEAMptcqmrQgDx62EWMjeS9oTKNKXZdPNI0m6pUuwsO06ji\njEn3B6QevwAdCiyc2pvw/sHLqe5g+C2NpKPlBeCI8e9/Vii8uaP6Q4z4QCdmx+KW\nu/6TraDK3b1TIWJUKzDbojOnsB/956CNPvKCDhjlkrn5E5DJJWbz59kktHDoxtj/\nhxbsMw4qr9R3+gZKG9KJDjMMpJV3FhHzW6TMJA2Sbzpr0MzgxPzU0k6xuwLXyhGd\nDXEN4klKmCYBzx/YtXgBphLBB2pun7AJRDn3ZdSWSu8pAHpQoi9ONp/hJgrX/9n/\n5FoSFfLMqLTKK291+LLsvjXD5KJUO016GplVbX/XiQKBgQDTSPVd5FhzkpEIqZuF\nF6OEMpmK41OfRKLfNoNg5PsqPyR8pDBC0LMJKBcDMXH97dhMkasTBejdQS7fjhYL\ne8G2lTPMXQ3Eu8wGR1G2PMldFICHd9jrb5JMr6B6eckUKTh9Qup9s1mR+AGVwHrE\nCDjx35gauwmjROcMM6LB4cehuwKBgQDDQSTi/YYC/dytEDhfvROWtTFYfIWIucwT\nXS3hO45XKnRTroI/5KOp3vn11sEgqtwafEFbLcCOyDN/5tvNqOT8Hm8jYKGHjufa\ngdddStLUgUnm7MFsyT/iFEzVOu4LnBHiXX8UBmQCaHlfvIIWPGaVLu5eFdk42K3g\nPuMo7Y2/BQKBgAfPv7qb8aU8Ov59/tD54cLGeCTJaNMPn5HvGwZfEOYr9XZiP6KI\nwsXI5KjqkBNaUs/p5tBKPKTJfykmwKvmBHByrbqViifG5bEpu9yn/K3jTykzBiMW\nOet55s4AaK3FJGCFM9Q36EzcRXq65g8PWsOeh6odViriJkSuOAtBBLd3AoGBAKrP\n8aoWakdxuL06BGdU7K8aYknr3ZIIII0MJhf1VwfQXyXZ855bsgXoyDmWHywp7RXK\ngA55DwyZ/du1pbLcPz6EjWugnI8PqKuSjUrTK2+2j2VS18AIqzdn1PNxc1B6v3aN\nnp9xG8qzhQMI0bEMNB3siaGLcZX2kN4theKHN0rVAoGAGo2tTIicljhRF/t9Nt/4\n6dO2+V8EKupUjqgqXx9w9PjZQZLeYoaXohL6YX1dF1JYr0ksaGHn0sRDQ1oZ7jTC\nEssNrUwWeswgjDPmF9wR4pOIqznPmG2prrB3FPhmoWJYZdMAAwp1fSLt2R54MR6F\nqy1Mc8TUwZbPGgGfOt7r4Ns=\n-----END PRIVATE KEY-----\n",
            "public_key_fingerprint_md5": "bb:30:77:12:f8:2e:ad:a0:00:cc:39:18:82:fa:c2:f0",
            "public_key_fingerprint_sha256": "SHA256:Dr7oczOVN8GbKj66KA0PcinunBzfdjWcmQww9gnGr9Y",
            "public_key_openssh": "ssh-rsa AAAAB3NzaC1yc2EAAAADAQABAAABAQChJlbea+3gpFP+wtMTuzuxPZz2rXQOEtmTTD3P9ZMlUyeudWM34FYDysNXGoUCYruu4om+BqDp1BB+/jE0WUt+/eOJPJMnbUW82LqLSKQU9rdNpV4s9YuUroATxU8RCpIXv72TKGOBKABK0/E6+8d5W7uOiGlCHNlc8TeiCJkK0AZQd6iuwCv7YMigWB5S43jmrKKp+Liv3wzRRATzsTQN0p3jFNhiV83Se2ks4EAuBfoOHIjpbhm/ezMtRNY8h6PjZLtmtPukG4QyGIpnSCjfQlOe2DpzNRMwHp2Im5XfNnGRSVibg1/OEgmN+WyyqqpouWwFhFMJdv0kFyONj62n\n",
            "public_key_pem": "-----BEGIN PUBLIC KEY-----\nMIIBIjANBgkqhkiG9w0BAQEFAAOCAQ8AMIIBCgKCAQEAoSZW3mvt4KRT/sLTE7s7\nsT2c9q10DhLZk0w9z/WTJVMnrnVjN+BWA8rDVxqFAmK7ruKJvgag6dQQfv4xNFlL\nfv3jiTyTJ21FvNi6i0ikFPa3TaVeLPWLlK6AE8VPEQqSF7+9kyhjgSgAStPxOvvH\neVu7johpQhzZXPE3ogiZCtAGUHeorsAr+2DIoFgeUuN45qyiqfi4r98M0UQE87E0\nDdKd4xTYYlfN0ntpLOBALgX6DhyI6W4Zv3szLUTWPIej42S7ZrT7pBuEMhiKZ0go\n30JTntg6czUTMB6diJuV3zZxkUlYm4NfzhIJjflssqqqaLlsBYRTCXb9JBcjjY+t\npwIDAQAB\n-----END PUBLIC KEY-----\n",
            "rsa_bits": 2048
          },
          "sensitive_attributes": [
            [
              {
                "type": "get_attr",
                "value": "private_key_openssh"
              }
            ],
            [
              {
                "type": "get_attr",
                "value": "private_key_pem"
              }
            ],
            [
              {
                "type": "get_attr",
                "value": "private_key_pem_pkcs8"
              }
            ]
          ],
          "identity_schema_version": 0
        }
      ]
    }
  ],
  "check_results": null
}
